
Microsoft Visual Studio Solution File, Format Version 12.00
# Visual Studio Version 17
VisualStudioVersion = 17.0.31903.59
MinimumVisualStudioVersion = 10.0.40219.1
Project("{FAE04EC0-301F-11D3-BF4B-00C04F79EFBC}") = "InsurancePOC.Api", "InsurancePOC.Api\InsurancePOC.Api.csproj", "{7B2F820C-C03C-4E42-862C-0626BC38E56C}"
EndProject
Project("{FAE04EC0-301F-11D3-BF4B-00C04F79EFBC}") = "InsurancePOC.Blazor", "InsurancePOC.Blazor\InsurancePOC.Blazor.csproj", "{4CB06082-E2D9-4709-910E-B5A89224D505}"
EndProject
Project("{FAE04EC0-301F-11D3-BF4B-00C04F79EFBC}") = "InsurancePOC.Shared", "InsurancePOC.Shared\InsurancePOC.Shared.csproj", "{D2AE95EA-0429-46D7-BD0D-B95278E5B1F2}"
EndProject
Global
	GlobalSection(SolutionConfigurationPlatforms) = preSolution
		Debug|Any CPU = Debug|Any CPU
		Debug|x64 = Debug|x64
		Debug|x86 = Debug|x86
		Release|Any CPU = Release|Any CPU
		Release|x64 = Release|x64
		Release|x86 = Release|x86
	EndGlobalSection
	GlobalSection(ProjectConfigurationPlatforms) = postSolution
		{7B2F820C-C03C-4E42-862C-0626BC38E56C}.Debug|Any CPU.ActiveCfg = Debug|Any CPU
		{7B2F820C-C03C-4E42-862C-0626BC38E56C}.Debug|Any CPU.Build.0 = Debug|Any CPU
		{7B2F820C-C03C-4E42-862C-0626BC38E56C}.Debug|x64.ActiveCfg = Debug|Any CPU
		{7B2F820C-C03C-4E42-862C-0626BC38E56C}.Debug|x64.Build.0 = Debug|Any CPU
		{7B2F820C-C03C-4E42-862C-0626BC38E56C}.Debug|x86.ActiveCfg = Debug|Any CPU
		{7B2F820C-C03C-4E42-862C-0626BC38E56C}.Debug|x86.Build.0 = Debug|Any CPU
		{7B2F820C-C03C-4E42-862C-0626BC38E56C}.Release|Any CPU.ActiveCfg = Release|Any CPU
		{7B2F820C-C03C-4E42-862C-0626BC38E56C}.Release|Any CPU.Build.0 = Release|Any CPU
		{7B2F820C-C03C-4E42-862C-0626BC38E56C}.Release|x64.ActiveCfg = Release|Any CPU
		{7B2F820C-C03C-4E42-862C-0626BC38E56C}.Release|x64.Build.0 = Release|Any CPU
		{7B2F820C-C03C-4E42-862C-0626BC38E56C}.Release|x86.ActiveCfg = Release|Any CPU
		{7B2F820C-C03C-4E42-862C-0626BC38E56C}.Release|x86.Build.0 = Release|Any CPU
		{4CB06082-E2D9-4709-910E-B5A89224D505}.Debug|Any CPU.ActiveCfg = Debug|Any CPU
		{4CB06082-E2D9-4709-910E-B5A89224D505}.Debug|Any CPU.Build.0 = Debug|Any CPU
		{4CB06082-E2D9-4709-910E-B5A89224D505}.Debug|x64.ActiveCfg = Debug|Any CPU
		{4CB06082-E2D9-4709-910E-B5A89224D505}.Debug|x64.Build.0 = Debug|Any CPU
		{4CB06082-E2D9-4709-910E-B5A89224D505}.Debug|x86.ActiveCfg = Debug|Any CPU
		{4CB06082-E2D9-4709-910E-B5A89224D505}.Debug|x86.Build.0 = Debug|Any CPU
		{4CB06082-E2D9-4709-910E-B5A89224D505}.Release|Any CPU.ActiveCfg = Release|Any CPU
		{4CB06082-E2D9-4709-910E-B5A89224D505}.Release|Any CPU.Build.0 = Release|Any CPU
		{4CB06082-E2D9-4709-910E-B5A89224D505}.Release|x64.ActiveCfg = Release|Any CPU
		{4CB06082-E2D9-4709-910E-B5A89224D505}.Release|x64.Build.0 = Release|Any CPU
		{4CB06082-E2D9-4709-910E-B5A89224D505}.Release|x86.ActiveCfg = Release|Any CPU
		{4CB06082-E2D9-4709-910E-B5A89224D505}.Release|x86.Build.0 = Release|Any CPU
		{D2AE95EA-0429-46D7-BD0D-B95278E5B1F2}.Debug|Any CPU.ActiveCfg = Debug|Any CPU
		{D2AE95EA-0429-46D7-BD0D-B95278E5B1F2}.Debug|Any CPU.Build.0 = Debug|Any CPU
		{D2AE95EA-0429-46D7-BD0D-B95278E5B1F2}.Debug|x64.ActiveCfg = Debug|Any CPU
		{D2AE95EA-0429-46D7-BD0D-B95278E5B1F2}.Debug|x64.Build.0 = Debug|Any CPU
		{D2AE95EA-0429-46D7-BD0D-B95278E5B1F2}.Debug|x86.ActiveCfg = Debug|Any CPU
		{D2AE95EA-0429-46D7-BD0D-B95278E5B1F2}.Debug|x86.Build.0 = Debug|Any CPU
		{D2AE95EA-0429-46D7-BD0D-B95278E5B1F2}.Release|Any CPU.ActiveCfg = Release|Any CPU
		{D2AE95EA-0429-46D7-BD0D-B95278E5B1F2}.Release|Any CPU.Build.0 = Release|Any CPU
		{D2AE95EA-0429-46D7-BD0D-B95278E5B1F2}.Release|x64.ActiveCfg = Release|Any CPU
		{D2AE95EA-0429-46D7-BD0D-B95278E5B1F2}.Release|x64.Build.0 = Release|Any CPU
		{D2AE95EA-0429-46D7-BD0D-B95278E5B1F2}.Release|x86.ActiveCfg = Release|Any CPU
		{D2AE95EA-0429-46D7-BD0D-B95278E5B1F2}.Release|x86.Build.0 = Release|Any CPU
	EndGlobalSection
	GlobalSection(SolutionProperties) = preSolution
		HideSolutionNode = FALSE
	EndGlobalSection
EndGlobal
